
Microsoft Visual Studio Solution File, Format Version 12.00
# Visual Studio Version 17
VisualStudioVersion = 17.9.34728.123
MinimumVisualStudioVersion = 10.0.40219.1
Project("{9A19103F-16F7-4668-BE54-9A1E7A4F7556}") = "2DOPARCIAL", "6demayo\2DOPARCIAL.csproj", "{66E1598F-8E74-4040-8039-9F2D17A1D7A4}"
EndProject
Global
	GlobalSection(SolutionConfigurationPlatforms) = preSolution
		Debug|Any CPU = Debug|Any CPU
		Release|Any CPU = Release|Any CPU
	EndGlobalSection
	GlobalSection(ProjectConfigurationPlatforms) = postSolution
		{66E1598F-8E74-4040-8039-9F2D17A1D7A4}.Debug|Any CPU.ActiveCfg = Debug|Any CPU
		{66E1598F-8E74-4040-8039-9F2D17A1D7A4}.Debug|Any CPU.Build.0 = Debug|Any CPU
		{66E1598F-8E74-4040-8039-9F2D17A1D7A4}.Release|Any CPU.ActiveCfg = Release|Any CPU
		{66E1598F-8E74-4040-8039-9F2D17A1D7A4}.Release|Any CPU.Build.0 = Release|Any CPU
	EndGlobalSection
	GlobalSection(SolutionProperties) = preSolution
		HideSolutionNode = FALSE
	EndGlobalSection
	GlobalSection(ExtensibilityGlobals) = postSolution
		SolutionGuid = {421F18EC-A8AB-4BC0-8CBA-AAF9B6A0F548}
	EndGlobalSection
EndGlobal
